// !$*UTF8*$!
{
	archiveVersion = 1;
	classes = {
	};
	objectVersion = 48;
	objects = {

/* Begin PBXBuildFile section */
		BE05DC09202B45CD00BC13A5 /* SWRevealViewController.m in Sources */ = {isa = PBXBuildFile; fileRef = BE05DC08202B45CD00BC13A5 /* SWRevealViewController.m */; };
		BE20A7B1202B106F0032B2D6 /* AppDelegate.swift in Sources */ = {isa = PBXBuildFile; fileRef = BE20A7B0202B106F0032B2D6 /* AppDelegate.swift */; };
		BE20A7B3202B106F0032B2D6 /* ViewController.swift in Sources */ = {isa = PBXBuildFile; fileRef = BE20A7B2202B106F0032B2D6 /* ViewController.swift */; };
		BE20A7B6202B106F0032B2D6 /* Main.storyboard in Resources */ = {isa = PBXBuildFile; fileRef = BE20A7B4202B106F0032B2D6 /* Main.storyboard */; };
		BE20A7B8202B106F0032B2D6 /* Assets.xcassets in Resources */ = {isa = PBXBuildFile; fileRef = BE20A7B7202B106F0032B2D6 /* Assets.xcassets */; };
		BE20A7BB202B106F0032B2D6 /* LaunchScreen.storyboard in Resources */ = {isa = PBXBuildFile; fileRef = BE20A7B9202B106F0032B2D6 /* LaunchScreen.storyboard */; };
		EBB3EE8252FF6E4EA9F291D2 /* Pods_MyOwnChatApp.framework in Frameworks */ = {isa = PBXBuildFile; fileRef = F4E5E69FB1C76CD33D0FBF17 /* Pods_MyOwnChatApp.framework */; };
/* End PBXBuildFile section */

/* Begin PBXFileReference section */
		A8EFC908699502302C6651A6 /* Pods-MyOwnChatApp.release.xcconfig */ = {isa = PBXFileReference; includeInIndex = 1; lastKnownFileType = text.xcconfig; name = "Pods-MyOwnChatApp.release.xcconfig"; path = "Pods/Target Support Files/Pods-MyOwnChatApp/Pods-MyOwnChatApp.release.xcconfig"; sourceTree = "<group>"; };
		BE05DC06202B45CC00BC13A5 /* MyOwnChatApp-Bridging-Header.h */ = {isa = PBXFileReference; lastKnownFileType = sourcecode.c.h; path = "MyOwnChatApp-Bridging-Header.h"; sourceTree = "<group>"; };
		BE05DC07202B45CD00BC13A5 /* SWRevealViewController.h */ = {isa = PBXFileReference; fileEncoding = 4; lastKnownFileType = sourcecode.c.h; path = SWRevealViewController.h; sourceTree = "<group>"; };
		BE05DC08202B45CD00BC13A5 /* SWRevealViewController.m */ = {isa = PBXFileReference; fileEncoding = 4; lastKnownFileType = sourcecode.c.objc; path = SWRevealViewController.m; sourceTree = "<group>"; };
		BE20A7AD202B106F0032B2D6 /* MyOwnChatApp.app */ = {isa = PBXFileReference; explicitFileType = wrapper.application; includeInIndex = 0; path = MyOwnChatApp.app; sourceTree = BUILT_PRODUCTS_DIR; };
		BE20A7B0202B106F0032B2D6 /* AppDelegate.swift */ = {isa = PBXFileReference; lastKnownFileType = sourcecode.swift; path = AppDelegate.swift; sourceTree = "<group>"; };
		BE20A7B2202B106F0032B2D6 /* ViewController.swift */ = {isa = PBXFileReference; lastKnownFileType = sourcecode.swift; path = ViewController.swift; sourceTree = "<group>"; };
		BE20A7B5202B106F0032B2D6 /* Base */ = {isa = PBXFileReference; lastKnownFileType = file.storyboard; name = Base; path = Base.lproj/Main.storyboard; sourceTree = "<group>"; };
		BE20A7B7202B106F0032B2D6 /* Assets.xcassets */ = {isa = PBXFileReference; lastKnownFileType = folder.assetcatalog; path = Assets.xcassets; sourceTree = "<group>"; };
		BE20A7BA202B106F0032B2D6 /* Base */ = {isa = PBXFileReference; lastKnownFileType = file.storyboard; name = Base; path = Base.lproj/LaunchScreen.storyboard; sourceTree = "<group>"; };
		BE20A7BC202B106F0032B2D6 /* Info.plist */ = {isa = PBXFileReference; lastKnownFileType = text.plist.xml; path = Info.plist; sourceTree = "<group>"; };
		BE6D181E13E20E493EF89B3B /* Pods-MyOwnChatApp.debug.xcconfig */ = {isa = PBXFileReference; includeInIndex = 1; lastKnownFileType = text.xcconfig; name = "Pods-MyOwnChatApp.debug.xcconfig"; path = "Pods/Target Support Files/Pods-MyOwnChatApp/Pods-MyOwnChatApp.debug.xcconfig"; sourceTree = "<group>"; };
		F4E5E69FB1C76CD33D0FBF17 /* Pods_MyOwnChatApp.framework */ = {isa = PBXFileReference; explicitFileType = wrapper.framework; includeInIndex = 0; path = Pods_MyOwnChatApp.framework; sourceTree = BUILT_PRODUCTS_DIR; };
/* End PBXFileReference section */

/* Begin PBXFrameworksBuildPhase section */
		BE20A7AA202B106F0032B2D6 /* Frameworks */ = {
			isa = PBXFrameworksBuildPhase;
			buildActionMask = 2147483647;
			files = (
				EBB3EE8252FF6E4EA9F291D2 /* Pods_MyOwnChatApp.framework in Frameworks */,
			);
			runOnlyForDeploymentPostprocessing = 0;
		};
/* End PBXFrameworksBuildPhase section */

/* Begin PBXGroup section */
		4E2640E90C6F8DFFC655EA9A /* Frameworks */ = {
			isa = PBXGroup;
			children = (
				F4E5E69FB1C76CD33D0FBF17 /* Pods_MyOwnChatApp.framework */,
			);
			name = Frameworks;
			sourceTree = "<group>";
		};
		BE05DC05202B45B400BC13A5 /* Supporting */ = {
			isa = PBXGroup;
			children = (
				BE05DC07202B45CD00BC13A5 /* SWRevealViewController.h */,
				BE05DC08202B45CD00BC13A5 /* SWRevealViewController.m */,
				BE05DC06202B45CC00BC13A5 /* MyOwnChatApp-Bridging-Header.h */,
			);
			path = Supporting;
			sourceTree = "<group>";
		};
		BE20A7A4202B106F0032B2D6 = {
			isa = PBXGroup;
			children = (
				BE20A7AF202B106F0032B2D6 /* MyOwnChatApp */,
				BE20A7AE202B106F0032B2D6 /* Products */,
				BE34D27937EA8E4CF20A081C /* Pods */,
				4E2640E90C6F8DFFC655EA9A /* Frameworks */,
			);
			sourceTree = "<group>";
		};
		BE20A7AE202B106F0032B2D6 /* Products */ = {
			isa = PBXGroup;
			children = (
				BE20A7AD202B106F0032B2D6 /* MyOwnChatApp.app */,
			);
			name = Products;
			sourceTree = "<group>";
		};
		BE20A7AF202B106F0032B2D6 /* MyOwnChatApp */ = {
			isa = PBXGroup;
			children = (
				BE20A7B0202B106F0032B2D6 /* AppDelegate.swift */,
				BE20A7B2202B106F0032B2D6 /* ViewController.swift */,
				BE20A7B4202B106F0032B2D6 /* Main.storyboard */,
				BE20A7B7202B106F0032B2D6 /* Assets.xcassets */,
				BE20A7B9202B106F0032B2D6 /* LaunchScreen.storyboard */,
				BE20A7BC202B106F0032B2D6 /* Info.plist */,
				BE05DC05202B45B400BC13A5 /* Supporting */,
			);
			path = MyOwnChatApp;
			sourceTree = "<group>";
		};
		BE34D27937EA8E4CF20A081C /* Pods */ = {
			isa = PBXGroup;
			children = (
				BE6D181E13E20E493EF89B3B /* Pods-MyOwnChatApp.debug.xcconfig */,
				A8EFC908699502302C6651A6 /* Pods-MyOwnChatApp.release.xcconfig */,
			);
			name = Pods;
			sourceTree = "<group>";
		};
/* End PBXGroup section */

/* Begin PBXNativeTarget section */
		BE20A7AC202B106F0032B2D6 /* MyOwnChatApp */ = {
			isa = PBXNativeTarget;
			buildConfigurationList = BE20A7BF202B106F0032B2D6 /* Build configuration list for PBXNativeTarget "MyOwnChatApp" */;
			buildPhases = (
				F57522B1B8355E944595D8E7 /* [CP] Check Pods Manifest.lock */,
				BE20A7A9202B106F0032B2D6 /* Sources */,
				BE20A7AA202B106F0032B2D6 /* Frameworks */,
				BE20A7AB202B106F0032B2D6 /* Resources */,
				084A5A94457263A6A368B2C3 /* [CP] Embed Pods Frameworks */,
				90E61B641FAC27764B3563B6 /* [CP] Copy Pods Resources */,
			);
			buildRules = (
			);
			dependencies = (
			);
			name = MyOwnChatApp;
			productName = MyOwnChatApp;
			productReference = BE20A7AD202B106F0032B2D6 /* MyOwnChatApp.app */;
			productType = "com.apple.product-type.application";
		};
/* End PBXNativeTarget section */

/* Begin PBXProject section */
		BE20A7A5202B106F0032B2D6 /* Project object */ = {
			isa = PBXProject;
			attributes = {
				LastSwiftUpdateCheck = 0920;
				LastUpgradeCheck = 0920;
				ORGANIZATIONNAME = "Yau On Chow";
				TargetAttributes = {
					BE20A7AC202B106F0032B2D6 = {
						CreatedOnToolsVersion = 9.2;
						LastSwiftMigration = 0920;
						ProvisioningStyle = Automatic;
					};
				};
			};
			buildConfigurationList = BE20A7A8202B106F0032B2D6 /* Build configuration list for PBXProject "MyOwnChatApp" */;
			compatibilityVersion = "Xcode 8.0";
			developmentRegion = en;
			hasScannedForEncodings = 0;
			knownRegions = (
				en,
				Base,
			);
			mainGroup = BE20A7A4202B106F0032B2D6;
			productRefGroup = BE20A7AE202B106F0032B2D6 /* Products */;
			projectDirPath = "";
			projectRoot = "";
			targets = (
				BE20A7AC202B106F0032B2D6 /* MyOwnChatApp */,
			);
		};
/* End PBXProject section */

/* Begin PBXResourcesBuildPhase section */
		BE20A7AB202B106F0032B2D6 /* Resources */ = {
			isa = PBXResourcesBuildPhase;
			buildActionMask = 2147483647;
			files = (
				BE20A7BB202B106F0032B2D6 /* LaunchScreen.storyboard in Resources */,
				BE20A7B8202B106F0032B2D6 /* Assets.xcassets in Resources */,
				BE20A7B6202B106F0032B2D6 /* Main.storyboard in Resources */,
			);
			runOnlyForDeploymentPostprocessing = 0;
		};
/* End PBXResourcesBuildPhase section */

/* Begin PBXShellScriptBuildPhase section */
		084A5A94457263A6A368B2C3 /* [CP] Embed Pods Frameworks */ = {
			isa = PBXShellScriptBuildPhase;
			buildActionMask = 2147483647;
			files = (
			);
			inputPaths = (
				"${SRCROOT}/Pods/Target Support Files/Pods-MyOwnChatApp/Pods-MyOwnChatApp-frameworks.sh",
				"${BUILT_PRODUCTS_DIR}/Alamofire/Alamofire.framework",
				"${BUILT_PRODUCTS_DIR}/Socket.IO-Client-Swift/SocketIO.framework",
				"${BUILT_PRODUCTS_DIR}/Starscream/Starscream.framework",
				"${BUILT_PRODUCTS_DIR}/SwiftyJSON/SwiftyJSON.framework",
			);
			name = "[CP] Embed Pods Frameworks";
			outputPaths = (
				"${TARGET_BUILD_DIR}/${FRAMEWORKS_FOLDER_PATH}/Alamofire.framework",
				"${TARGET_BUILD_DIR}/${FRAMEWORKS_FOLDER_PATH}/SocketIO.framework",
				"${TARGET_BUILD_DIR}/${FRAMEWORKS_FOLDER_PATH}/Starscream.framework",
				"${TARGET_BUILD_DIR}/${FRAMEWORKS_FOLDER_PATH}/SwiftyJSON.framework",
			);
			runOnlyForDeploymentPostprocessing = 0;
			shellPath = /bin/sh;
			shellScript = "\"${SRCROOT}/Pods/Target Support Files/Pods-MyOwnChatApp/Pods-MyOwnChatApp-frameworks.sh\"\n";
			showEnvVarsInLog = 0;
		};
		90E61B641FAC27764B3563B6 /* [CP] Copy Pods Resources */ = {
			isa = PBXShellScriptBuildPhase;
			buildActionMask = 2147483647;
			files = (
			);
			inputPaths = (
			);
			name = "[CP] Copy Pods Resources";
			outputPaths = (
			);
			runOnlyForDeploymentPostprocessing = 0;
			shellPath = /bin/sh;
			shellScript = "\"${SRCROOT}/Pods/Target Support Files/Pods-MyOwnChatApp/Pods-MyOwnChatApp-resources.sh\"\n";
			showEnvVarsInLog = 0;
		};
		F57522B1B8355E944595D8E7 /* [CP] Check Pods Manifest.lock */ = {
			isa = PBXShellScriptBuildPhase;
			buildActionMask = 2147483647;
			files = (
			);
			inputPaths = (
				"${PODS_PODFILE_DIR_PATH}/Podfile.lock",
				"${PODS_ROOT}/Manifest.lock",
			);
			name = "[CP] Check Pods Manifest.lock";
			outputPaths = (
				"$(DERIVED_FILE_DIR)/Pods-MyOwnChatApp-checkManifestLockResult.txt",
			);
			runOnlyForDeploymentPostprocessing = 0;
			shellPath = /bin/sh;
			shellScript = "diff \"${PODS_PODFILE_DIR_PATH}/Podfile.lock\" \"${PODS_ROOT}/Manifest.lock\" > /dev/null\nif [ $? != 0 ] ; then\n    # print error to STDERR\n    echo \"error: The sandbox is not in sync with the Podfile.lock. Run 'pod install' or update your CocoaPods installation.\" >&2\n    exit 1\nfi\n# This output is used by Xcode 'outputs' to avoid re-running this script phase.\necho \"SUCCESS\" > \"${SCRIPT_OUTPUT_FILE_0}\"\n";
			showEnvVarsInLog = 0;
		};
/* End PBXShellScriptBuildPhase section */

/* Begin PBXSourcesBuildPhase section */
		BE20A7A9202B106F0032B2D6 /* Sources */ = {
			isa = PBXSourcesBuildPhase;
			buildActionMask = 2147483647;
			files = (
				BE20A7B3202B106F0032B2D6 /* ViewController.swift in Sources */,
				BE20A7B1202B106F0032B2D6 /* AppDelegate.swift in Sources */,
				BE05DC09202B45CD00BC13A5 /* SWRevealViewController.m in Sources */,
			);
			runOnlyForDeploymentPostprocessing = 0;
		};
/* End PBXSourcesBuildPhase section */

/* Begin PBXVariantGroup section */
		BE20A7B4202B106F0032B2D6 /* Main.storyboard */ = {
			isa = PBXVariantGroup;
			children = (
				BE20A7B5202B106F0032B2D6 /* Base */,
			);
			name = Main.storyboard;
			sourceTree = "<group>";
		};
		BE20A7B9202B106F0032B2D6 /* LaunchScreen.storyboard */ = {
			isa = PBXVariantGroup;
			children = (
				BE20A7BA202B106F0032B2D6 /* Base */,
			);
			name = LaunchScreen.storyboard;
			sourceTree = "<group>";
		};
/* End PBXVariantGroup section */

/* Begin XCBuildConfiguration section */
		BE20A7BD202B106F0032B2D6 /* Debug */ = {
			isa = XCBuildConfiguration;
			buildSettings = {
				ALWAYS_SEARCH_USER_PATHS = NO;
				CLANG_ANALYZER_NONNULL = YES;
				CLANG_ANALYZER_NUMBER_OBJECT_CONVERSION = YES_AGGRESSIVE;
				CLANG_CXX_LANGUAGE_STANDARD = "gnu++14";
				CLANG_CXX_LIBRARY = "libc++";
				CLANG_ENABLE_MODULES = YES;
				CLANG_ENABLE_OBJC_ARC = YES;
				CLANG_WARN_BLOCK_CAPTURE_AUTORELEASING = YES;
				CLANG_WARN_BOOL_CONVERSION = YES;
				CLANG_WARN_COMMA = YES;
				CLANG_WARN_CONSTANT_CONVERSION = YES;
				CLANG_WARN_DIRECT_OBJC_ISA_USAGE = YES_ERROR;
				CLANG_WARN_DOCUMENTATION_COMMENTS = YES;
				CLANG_WARN_EMPTY_BODY = YES;
				CLANG_WARN_ENUM_CONVERSION = YES;
				CLANG_WARN_INFINITE_RECURSION = YES;
				CLANG_WARN_INT_CONVERSION = YES;
				CLANG_WARN_NON_LITERAL_NULL_CONVERSION = YES;
				CLANG_WARN_OBJC_LITERAL_CONVERSION = YES;
				CLANG_WARN_OBJC_ROOT_CLASS = YES_ERROR;
				CLANG_WARN_RANGE_LOOP_ANALYSIS = YES;
				CLANG_WARN_STRICT_PROTOTYPES = YES;
				CLANG_WARN_SUSPICIOUS_MOVE = YES;
				CLANG_WARN_UNGUARDED_AVAILABILITY = YES_AGGRESSIVE;
				CLANG_WARN_UNREACHABLE_CODE = YES;
				CLANG_WARN__DUPLICATE_METHOD_MATCH = YES;
				CODE_SIGN_IDENTITY = "iPhone Developer";
				COPY_PHASE_STRIP = NO;
				DEBUG_INFORMATION_FORMAT = dwarf;
				ENABLE_STRICT_OBJC_MSGSEND = YES;
				ENABLE_TESTABILITY = YES;
				GCC_C_LANGUAGE_STANDARD = gnu11;
				GCC_DYNAMIC_NO_PIC = NO;
				GCC_NO_COMMON_BLOCKS = YES;
				GCC_OPTIMIZATION_LEVEL = 0;
				GCC_PREPROCESSOR_DEFINITIONS = (
					"DEBUG=1",
					"$(inherited)",
				);
				GCC_WARN_64_TO_32_BIT_CONVERSION = YES;
				GCC_WARN_ABOUT_RETURN_TYPE = YES_ERROR;
				GCC_WARN_UNDECLARED_SELECTOR = YES;
				GCC_WARN_UNINITIALIZED_AUTOS = YES_AGGRESSIVE;
				GCC_WARN_UNUSED_FUNCTION = YES;
				GCC_WARN_UNUSED_VARIABLE = YES;
				IPHONEOS_DEPLOYMENT_TARGET = 11.2;
				MTL_ENABLE_DEBUG_INFO = YES;
				ONLY_ACTIVE_ARCH = YES;
				SDKROOT = iphoneos;
				SWIFT_ACTIVE_COMPILATION_CONDITIONS = DEBUG;
				SWIFT_OPTIMIZATION_LEVEL = "-Onone";
			};
			name = Debug;
		};
		BE20A7BE202B106F0032B2D6 /* Release */ = {
			isa = XCBuildConfiguration;
			buildSettings = {
				ALWAYS_SEARCH_USER_PATHS = NO;
				CLANG_ANALYZER_NONNULL = YES;
				CLANG_ANALYZER_NUMBER_OBJECT_CONVERSION = YES_AGGRESSIVE;
				CLANG_CXX_LANGUAGE_STANDARD = "gnu++14";
				CLANG_CXX_LIBRARY = "libc++";
				CLANG_ENABLE_MODULES = YES;
				CLANG_ENABLE_OBJC_ARC = YES;
				CLANG_WARN_BLOCK_CAPTURE_AUTORELEASING = YES;
				CLANG_WARN_BOOL_CONVERSION = YES;
				CLANG_WARN_COMMA = YES;
				CLANG_WARN_CONSTANT_CONVERSION = YES;
				CLANG_WARN_DIRECT_OBJC_ISA_USAGE = YES_ERROR;
				CLANG_WARN_DOCUMENTATION_COMMENTS = YES;
				CLANG_WARN_EMPTY_BODY = YES;
				CLANG_WARN_ENUM_CONVERSION = YES;
				CLANG_WARN_INFINITE_RECURSION = YES;
				CLANG_WARN_INT_CONVERSION = YES;
				CLANG_WARN_NON_LITERAL_NULL_CONVERSION = YES;
				CLANG_WARN_OBJC_LITERAL_CONVERSION = YES;
				CLANG_WARN_OBJC_ROOT_CLASS = YES_ERROR;
				CLANG_WARN_RANGE_LOOP_ANALYSIS = YES;
				CLANG_WARN_STRICT_PROTOTYPES = YES;
				CLANG_WARN_SUSPICIOUS_MOVE = YES;
				CLANG_WARN_UNGUARDED_AVAILABILITY = YES_AGGRESSIVE;
				CLANG_WARN_UNREACHABLE_CODE = YES;
				CLANG_WARN__DUPLICATE_METHOD_MATCH = YES;
				CODE_SIGN_IDENTITY = "iPhone Developer";
				COPY_PHASE_STRIP = NO;
				DEBUG_INFORMATION_FORMAT = "dwarf-with-dsym";
				ENABLE_NS_ASSERTIONS = NO;
				ENABLE_STRICT_OBJC_MSGSEND = YES;
				GCC_C_LANGUAGE_STANDARD = gnu11;
				GCC_NO_COMMON_BLOCKS = YES;
				GCC_WARN_64_TO_32_BIT_CONVERSION = YES;
				GCC_WARN_ABOUT_RETURN_TYPE = YES_ERROR;
				GCC_WARN_UNDECLARED_SELECTOR = YES;
				GCC_WARN_UNINITIALIZED_AUTOS = YES_AGGRESSIVE;
				GCC_WARN_UNUSED_FUNCTION = YES;
				GCC_WARN_UNUSED_VARIABLE = YES;
				IPHONEOS_DEPLOYMENT_TARGET = 11.2;
				MTL_ENABLE_DEBUG_INFO = NO;
				SDKROOT = iphoneos;
				SWIFT_OPTIMIZATION_LEVEL = "-Owholemodule";
				VALIDATE_PRODUCT = YES;
			};
			name = Release;
		};
		BE20A7C0202B106F0032B2D6 /* Debug */ = {
			isa = XCBuildConfiguration;
			baseConfigurationReference = BE6D181E13E20E493EF89B3B /* Pods-MyOwnChatApp.debug.xcconfig */;
			buildSettings = {
				ASSETCATALOG_COMPILER_APPICON_NAME = AppIcon;
				CLANG_ENABLE_MODULES = YES;
				CODE_SIGN_STYLE = Automatic;
				DEVELOPMENT_TEAM = 9Y5P88P6T5;
				INFOPLIST_FILE = MyOwnChatApp/Info.plist;
				IPHONEOS_DEPLOYMENT_TARGET = 11.2;
				LD_RUNPATH_SEARCH_PATHS = "$(inherited) @executable_path/Frameworks";
				PRODUCT_BUNDLE_IDENTIFIER = "com.fcc-pro.MyOwnChatApp";
				PRODUCT_NAME = "$(TARGET_NAME)";
				SWIFT_OBJC_BRIDGING_HEADER = "MyOwnChatApp/Supporting/MyOwnChatApp-Bridging-Header.h";
				SWIFT_OPTIMIZATION_LEVEL = "-Onone";
				SWIFT_VERSION = 4.0;
				TARGETED_DEVICE_FAMILY = "1,2";
			};
			name = Debug;
		};
		BE20A7C1202B106F0032B2D6 /* Release */ = {
			isa = XCBuildConfiguration;
			baseConfigurationReference = A8EFC908699502302C6651A6 /* Pods-MyOwnChatApp.release.xcconfig */;
			buildSettings = {
				ASSETCATALOG_COMPILER_APPICON_NAME = AppIcon;
				CLANG_ENABLE_MODULES = YES;
				CODE_SIGN_STYLE = Automatic;
				DEVELOPMENT_TEAM = 9Y5P88P6T5;
				INFOPLIST_FILE = MyOwnChatApp/Info.plist;
				IPHONEOS_DEPLOYMENT_TARGET = 11.2;
				LD_RUNPATH_SEARCH_PATHS = "$(inherited) @executable_path/Frameworks";
				PRODUCT_BUNDLE_IDENTIFIER = "com.fcc-pro.MyOwnChatApp";
				PRODUCT_NAME = "$(TARGET_NAME)";
				SWIFT_OBJC_BRIDGING_HEADER = "MyOwnChatApp/Supporting/MyOwnChatApp-Bridging-Header.h";
				SWIFT_VERSION = 4.0;
				TARGETED_DEVICE_FAMILY = "1,2";
			};
			name = Release;
		};
/* End XCBuildConfiguration section */

/* Begin XCConfigurationList section */
		BE20A7A8202B106F0032B2D6 /* Build configuration list for PBXProject "MyOwnChatApp" */ = {
			isa = XCConfigurationList;
			buildConfigurations = (
				BE20A7BD202B106F0032B2D6 /* Debug */,
				BE20A7BE202B106F0032B2D6 /* Release */,
			);
			defaultConfigurationIsVisible = 0;
			defaultConfigurationName = Release;
		};
		BE20A7BF202B106F0032B2D6 /* Build configuration list for PBXNativeTarget "MyOwnChatApp" */ = {
			isa = XCConfigurationList;
			buildConfigurations = (
				BE20A7C0202B106F0032B2D6 /* Debug */,
				BE20A7C1202B106F0032B2D6 /* Release */,
			);
			defaultConfigurationIsVisible = 0;
			defaultConfigurationName = Release;
		};
/* End XCConfigurationList section */
	};
	rootObject = BE20A7A5202B106F0032B2D6 /* Project object */;
}
