// !$*UTF8*$!
{
	archiveVersion = 1;
	classes = {
	};
	objectVersion = 48;
	objects = {

/* Begin PBXBuildFile section */
		A4D3FE63F963E767401AE825 /* Pods_MyOwnChatApp.framework in Frameworks */ = {isa = PBXBuildFile; fileRef = 4235D54CE5E48D7790F879B8 /* Pods_MyOwnChatApp.framework */; };
		BE0590C1202DFDA100065F66 /* RoundCornerButton.swift in Sources */ = {isa = PBXBuildFile; fileRef = BE0590C0202DFDA100065F66 /* RoundCornerButton.swift */; };
		BE05DC09202B45CD00BC13A5 /* SWRevealViewController.m in Sources */ = {isa = PBXBuildFile; fileRef = BE05DC08202B45CD00BC13A5 /* SWRevealViewController.m */; };
		BE20A7B1202B106F0032B2D6 /* AppDelegate.swift in Sources */ = {isa = PBXBuildFile; fileRef = BE20A7B0202B106F0032B2D6 /* AppDelegate.swift */; };
		BE20A7B6202B106F0032B2D6 /* Main.storyboard in Resources */ = {isa = PBXBuildFile; fileRef = BE20A7B4202B106F0032B2D6 /* Main.storyboard */; };
		BE20A7B8202B106F0032B2D6 /* Assets.xcassets in Resources */ = {isa = PBXBuildFile; fileRef = BE20A7B7202B106F0032B2D6 /* Assets.xcassets */; };
		BE20A7BB202B106F0032B2D6 /* LaunchScreen.storyboard in Resources */ = {isa = PBXBuildFile; fileRef = BE20A7B9202B106F0032B2D6 /* LaunchScreen.storyboard */; };
		BE528D9F202EC2AC00C632F3 /* CircleImage.swift in Sources */ = {isa = PBXBuildFile; fileRef = BE528D9E202EC2AC00C632F3 /* CircleImage.swift */; };
		BE9C256B202EE4C40069535B /* ProfileVC.swift in Sources */ = {isa = PBXBuildFile; fileRef = BE9C2569202EE4C40069535B /* ProfileVC.swift */; };
		BE9C256C202EE4C40069535B /* ProfileVC.xib in Resources */ = {isa = PBXBuildFile; fileRef = BE9C256A202EE4C40069535B /* ProfileVC.xib */; };
		BE9C256F202EECAF0069535B /* RoundCornerView.swift in Sources */ = {isa = PBXBuildFile; fileRef = BE9C256E202EECAF0069535B /* RoundCornerView.swift */; };
		BE9C2571202F46B50069535B /* MessageService.swift in Sources */ = {isa = PBXBuildFile; fileRef = BE9C2570202F46B50069535B /* MessageService.swift */; };
		BE9C2573202F47A20069535B /* Channel.swift in Sources */ = {isa = PBXBuildFile; fileRef = BE9C2572202F47A20069535B /* Channel.swift */; };
		BEB3427F202B4F6100247E06 /* ChatVC.swift in Sources */ = {isa = PBXBuildFile; fileRef = BEB3427E202B4F6100247E06 /* ChatVC.swift */; };
		BEB34281202B4F7100247E06 /* ChannelVC.swift in Sources */ = {isa = PBXBuildFile; fileRef = BEB34280202B4F7100247E06 /* ChannelVC.swift */; };
		BEB34283202B581600247E06 /* GradientView.swift in Sources */ = {isa = PBXBuildFile; fileRef = BEB34282202B581600247E06 /* GradientView.swift */; };
		BEB9304B202E6EB800D50137 /* UserDataService.swift in Sources */ = {isa = PBXBuildFile; fileRef = BEB9304A202E6EB800D50137 /* UserDataService.swift */; };
		BEB9304D202E800D00D50137 /* AvatarPickerVC.swift in Sources */ = {isa = PBXBuildFile; fileRef = BEB9304C202E800D00D50137 /* AvatarPickerVC.swift */; };
		BEB9304F202E821100D50137 /* AvatarCell.swift in Sources */ = {isa = PBXBuildFile; fileRef = BEB9304E202E821100D50137 /* AvatarCell.swift */; };
		BEE9D32A202C1AEA008AEA11 /* Constants.swift in Sources */ = {isa = PBXBuildFile; fileRef = BEE9D329202C1AEA008AEA11 /* Constants.swift */; };
		BEE9D32C202C8873008AEA11 /* LoginVC.swift in Sources */ = {isa = PBXBuildFile; fileRef = BEE9D32B202C8873008AEA11 /* LoginVC.swift */; };
		BEE9D32E202C8DDC008AEA11 /* CreateAccountVC.swift in Sources */ = {isa = PBXBuildFile; fileRef = BEE9D32D202C8DDC008AEA11 /* CreateAccountVC.swift */; };
		BEE9D331202D682B008AEA11 /* AuthService.swift in Sources */ = {isa = PBXBuildFile; fileRef = BEE9D330202D682B008AEA11 /* AuthService.swift */; };
/* End PBXBuildFile section */

/* Begin PBXFileReference section */
		4235D54CE5E48D7790F879B8 /* Pods_MyOwnChatApp.framework */ = {isa = PBXFileReference; explicitFileType = wrapper.framework; includeInIndex = 0; path = Pods_MyOwnChatApp.framework; sourceTree = BUILT_PRODUCTS_DIR; };
		A8EFC908699502302C6651A6 /* Pods-MyOwnChatApp.release.xcconfig */ = {isa = PBXFileReference; includeInIndex = 1; lastKnownFileType = text.xcconfig; name = "Pods-MyOwnChatApp.release.xcconfig"; path = "Pods/Target Support Files/Pods-MyOwnChatApp/Pods-MyOwnChatApp.release.xcconfig"; sourceTree = "<group>"; };
		BE0590C0202DFDA100065F66 /* RoundCornerButton.swift */ = {isa = PBXFileReference; lastKnownFileType = sourcecode.swift; path = RoundCornerButton.swift; sourceTree = "<group>"; };
		BE05DC06202B45CC00BC13A5 /* MyOwnChatApp-Bridging-Header.h */ = {isa = PBXFileReference; lastKnownFileType = sourcecode.c.h; path = "MyOwnChatApp-Bridging-Header.h"; sourceTree = "<group>"; };
		BE05DC07202B45CD00BC13A5 /* SWRevealViewController.h */ = {isa = PBXFileReference; fileEncoding = 4; lastKnownFileType = sourcecode.c.h; path = SWRevealViewController.h; sourceTree = "<group>"; };
		BE05DC08202B45CD00BC13A5 /* SWRevealViewController.m */ = {isa = PBXFileReference; fileEncoding = 4; lastKnownFileType = sourcecode.c.objc; path = SWRevealViewController.m; sourceTree = "<group>"; };
		BE20A7AD202B106F0032B2D6 /* MyOwnChatApp.app */ = {isa = PBXFileReference; explicitFileType = wrapper.application; includeInIndex = 0; path = MyOwnChatApp.app; sourceTree = BUILT_PRODUCTS_DIR; };
		BE20A7B0202B106F0032B2D6 /* AppDelegate.swift */ = {isa = PBXFileReference; lastKnownFileType = sourcecode.swift; path = AppDelegate.swift; sourceTree = "<group>"; };
		BE20A7B5202B106F0032B2D6 /* Base */ = {isa = PBXFileReference; lastKnownFileType = file.storyboard; name = Base; path = Base.lproj/Main.storyboard; sourceTree = "<group>"; };
		BE20A7B7202B106F0032B2D6 /* Assets.xcassets */ = {isa = PBXFileReference; lastKnownFileType = folder.assetcatalog; path = Assets.xcassets; sourceTree = "<group>"; };
		BE20A7BA202B106F0032B2D6 /* Base */ = {isa = PBXFileReference; lastKnownFileType = file.storyboard; name = Base; path = Base.lproj/LaunchScreen.storyboard; sourceTree = "<group>"; };
		BE20A7BC202B106F0032B2D6 /* Info.plist */ = {isa = PBXFileReference; lastKnownFileType = text.plist.xml; path = Info.plist; sourceTree = "<group>"; };
		BE528D9E202EC2AC00C632F3 /* CircleImage.swift */ = {isa = PBXFileReference; lastKnownFileType = sourcecode.swift; path = CircleImage.swift; sourceTree = "<group>"; };
		BE6D181E13E20E493EF89B3B /* Pods-MyOwnChatApp.debug.xcconfig */ = {isa = PBXFileReference; includeInIndex = 1; lastKnownFileType = text.xcconfig; name = "Pods-MyOwnChatApp.debug.xcconfig"; path = "Pods/Target Support Files/Pods-MyOwnChatApp/Pods-MyOwnChatApp.debug.xcconfig"; sourceTree = "<group>"; };
		BE9C2569202EE4C40069535B /* ProfileVC.swift */ = {isa = PBXFileReference; lastKnownFileType = sourcecode.swift; path = ProfileVC.swift; sourceTree = "<group>"; };
		BE9C256A202EE4C40069535B /* ProfileVC.xib */ = {isa = PBXFileReference; lastKnownFileType = file.xib; path = ProfileVC.xib; sourceTree = "<group>"; };
		BE9C256E202EECAF0069535B /* RoundCornerView.swift */ = {isa = PBXFileReference; lastKnownFileType = sourcecode.swift; path = RoundCornerView.swift; sourceTree = "<group>"; };
		BE9C2570202F46B50069535B /* MessageService.swift */ = {isa = PBXFileReference; lastKnownFileType = sourcecode.swift; path = MessageService.swift; sourceTree = "<group>"; };
		BE9C2572202F47A20069535B /* Channel.swift */ = {isa = PBXFileReference; lastKnownFileType = sourcecode.swift; path = Channel.swift; sourceTree = "<group>"; };
		BEB3427E202B4F6100247E06 /* ChatVC.swift */ = {isa = PBXFileReference; lastKnownFileType = sourcecode.swift; path = ChatVC.swift; sourceTree = "<group>"; };
		BEB34280202B4F7100247E06 /* ChannelVC.swift */ = {isa = PBXFileReference; lastKnownFileType = sourcecode.swift; path = ChannelVC.swift; sourceTree = "<group>"; };
		BEB34282202B581600247E06 /* GradientView.swift */ = {isa = PBXFileReference; lastKnownFileType = sourcecode.swift; path = GradientView.swift; sourceTree = "<group>"; };
		BEB9304A202E6EB800D50137 /* UserDataService.swift */ = {isa = PBXFileReference; lastKnownFileType = sourcecode.swift; path = UserDataService.swift; sourceTree = "<group>"; };
		BEB9304C202E800D00D50137 /* AvatarPickerVC.swift */ = {isa = PBXFileReference; lastKnownFileType = sourcecode.swift; path = AvatarPickerVC.swift; sourceTree = "<group>"; };
		BEB9304E202E821100D50137 /* AvatarCell.swift */ = {isa = PBXFileReference; lastKnownFileType = sourcecode.swift; path = AvatarCell.swift; sourceTree = "<group>"; };
		BEE9D329202C1AEA008AEA11 /* Constants.swift */ = {isa = PBXFileReference; lastKnownFileType = sourcecode.swift; path = Constants.swift; sourceTree = "<group>"; };
		BEE9D32B202C8873008AEA11 /* LoginVC.swift */ = {isa = PBXFileReference; lastKnownFileType = sourcecode.swift; path = LoginVC.swift; sourceTree = "<group>"; };
		BEE9D32D202C8DDC008AEA11 /* CreateAccountVC.swift */ = {isa = PBXFileReference; lastKnownFileType = sourcecode.swift; path = CreateAccountVC.swift; sourceTree = "<group>"; };
		BEE9D330202D682B008AEA11 /* AuthService.swift */ = {isa = PBXFileReference; lastKnownFileType = sourcecode.swift; path = AuthService.swift; sourceTree = "<group>"; };
/* End PBXFileReference section */

/* Begin PBXFrameworksBuildPhase section */
		BE20A7AA202B106F0032B2D6 /* Frameworks */ = {
			isa = PBXFrameworksBuildPhase;
			buildActionMask = 2147483647;
			files = (
				A4D3FE63F963E767401AE825 /* Pods_MyOwnChatApp.framework in Frameworks */,
			);
			runOnlyForDeploymentPostprocessing = 0;
		};
/* End PBXFrameworksBuildPhase section */

/* Begin PBXGroup section */
		77A4C252E48B2FE2556ECE65 /* Frameworks */ = {
			isa = PBXGroup;
			children = (
				4235D54CE5E48D7790F879B8 /* Pods_MyOwnChatApp.framework */,
			);
			name = Frameworks;
			sourceTree = "<group>";
		};
		BE057E64202B489D007F5D7D /* Controller */ = {
			isa = PBXGroup;
			children = (
				BEB3427E202B4F6100247E06 /* ChatVC.swift */,
				BEB34280202B4F7100247E06 /* ChannelVC.swift */,
				BEE9D32B202C8873008AEA11 /* LoginVC.swift */,
				BEE9D32D202C8DDC008AEA11 /* CreateAccountVC.swift */,
				BEB9304C202E800D00D50137 /* AvatarPickerVC.swift */,
				BE9C2569202EE4C40069535B /* ProfileVC.swift */,
			);
			path = Controller;
			sourceTree = "<group>";
		};
		BE057E65202B48A9007F5D7D /* View */ = {
			isa = PBXGroup;
			children = (
				BEB9304E202E821100D50137 /* AvatarCell.swift */,
				BE528D9E202EC2AC00C632F3 /* CircleImage.swift */,
				BEB34282202B581600247E06 /* GradientView.swift */,
				BE0590C0202DFDA100065F66 /* RoundCornerButton.swift */,
				BE9C256E202EECAF0069535B /* RoundCornerView.swift */,
			);
			path = View;
			sourceTree = "<group>";
		};
		BE057E66202B48AE007F5D7D /* Model */ = {
			isa = PBXGroup;
			children = (
				BE9C2572202F47A20069535B /* Channel.swift */,
			);
			path = Model;
			sourceTree = "<group>";
		};
		BE057E67202B48BD007F5D7D /* Utility */ = {
			isa = PBXGroup;
			children = (
				BEE9D329202C1AEA008AEA11 /* Constants.swift */,
			);
			path = Utility;
			sourceTree = "<group>";
		};
		BE05DC05202B45B400BC13A5 /* Supporting */ = {
			isa = PBXGroup;
			children = (
				BE05DC07202B45CD00BC13A5 /* SWRevealViewController.h */,
				BE05DC08202B45CD00BC13A5 /* SWRevealViewController.m */,
				BE05DC06202B45CC00BC13A5 /* MyOwnChatApp-Bridging-Header.h */,
			);
			path = Supporting;
			sourceTree = "<group>";
		};
		BE20A7A4202B106F0032B2D6 = {
			isa = PBXGroup;
			children = (
				BE20A7AF202B106F0032B2D6 /* MyOwnChatApp */,
				BE20A7AE202B106F0032B2D6 /* Products */,
				BE34D27937EA8E4CF20A081C /* Pods */,
				77A4C252E48B2FE2556ECE65 /* Frameworks */,
			);
			sourceTree = "<group>";
		};
		BE20A7AE202B106F0032B2D6 /* Products */ = {
			isa = PBXGroup;
			children = (
				BE20A7AD202B106F0032B2D6 /* MyOwnChatApp.app */,
			);
			name = Products;
			sourceTree = "<group>";
		};
		BE20A7AF202B106F0032B2D6 /* MyOwnChatApp */ = {
			isa = PBXGroup;
			children = (
				BE057E66202B48AE007F5D7D /* Model */,
				BE057E65202B48A9007F5D7D /* View */,
				BE057E64202B489D007F5D7D /* Controller */,
				BE9C256D202EE4D20069535B /* XIB */,
				BE057E67202B48BD007F5D7D /* Utility */,
				BEE9D32F202D6816008AEA11 /* Services */,
				BE20A7B0202B106F0032B2D6 /* AppDelegate.swift */,
				BE20A7B4202B106F0032B2D6 /* Main.storyboard */,
				BE20A7B7202B106F0032B2D6 /* Assets.xcassets */,
				BE20A7B9202B106F0032B2D6 /* LaunchScreen.storyboard */,
				BE20A7BC202B106F0032B2D6 /* Info.plist */,
				BE05DC05202B45B400BC13A5 /* Supporting */,
			);
			path = MyOwnChatApp;
			sourceTree = "<group>";
		};
		BE34D27937EA8E4CF20A081C /* Pods */ = {
			isa = PBXGroup;
			children = (
				BE6D181E13E20E493EF89B3B /* Pods-MyOwnChatApp.debug.xcconfig */,
				A8EFC908699502302C6651A6 /* Pods-MyOwnChatApp.release.xcconfig */,
			);
			name = Pods;
			sourceTree = "<group>";
		};
		BE9C256D202EE4D20069535B /* XIB */ = {
			isa = PBXGroup;
			children = (
				BE9C256A202EE4C40069535B /* ProfileVC.xib */,
			);
			path = XIB;
			sourceTree = "<group>";
		};
		BEE9D32F202D6816008AEA11 /* Services */ = {
			isa = PBXGroup;
			children = (
				BEE9D330202D682B008AEA11 /* AuthService.swift */,
				BEB9304A202E6EB800D50137 /* UserDataService.swift */,
				BE9C2570202F46B50069535B /* MessageService.swift */,
			);
			path = Services;
			sourceTree = "<group>";
		};
/* End PBXGroup section */

/* Begin PBXNativeTarget section */
		BE20A7AC202B106F0032B2D6 /* MyOwnChatApp */ = {
			isa = PBXNativeTarget;
			buildConfigurationList = BE20A7BF202B106F0032B2D6 /* Build configuration list for PBXNativeTarget "MyOwnChatApp" */;
			buildPhases = (
				F57522B1B8355E944595D8E7 /* [CP] Check Pods Manifest.lock */,
				BE20A7A9202B106F0032B2D6 /* Sources */,
				BE20A7AA202B106F0032B2D6 /* Frameworks */,
				BE20A7AB202B106F0032B2D6 /* Resources */,
				084A5A94457263A6A368B2C3 /* [CP] Embed Pods Frameworks */,
				90E61B641FAC27764B3563B6 /* [CP] Copy Pods Resources */,
			);
			buildRules = (
			);
			dependencies = (
			);
			name = MyOwnChatApp;
			productName = MyOwnChatApp;
			productReference = BE20A7AD202B106F0032B2D6 /* MyOwnChatApp.app */;
			productType = "com.apple.product-type.application";
		};
/* End PBXNativeTarget section */

/* Begin PBXProject section */
		BE20A7A5202B106F0032B2D6 /* Project object */ = {
			isa = PBXProject;
			attributes = {
				LastSwiftUpdateCheck = 0920;
				LastUpgradeCheck = 0920;
				ORGANIZATIONNAME = "Yau On Chow";
				TargetAttributes = {
					BE20A7AC202B106F0032B2D6 = {
						CreatedOnToolsVersion = 9.2;
						LastSwiftMigration = 0920;
						ProvisioningStyle = Automatic;
					};
				};
			};
			buildConfigurationList = BE20A7A8202B106F0032B2D6 /* Build configuration list for PBXProject "MyOwnChatApp" */;
			compatibilityVersion = "Xcode 8.0";
			developmentRegion = en;
			hasScannedForEncodings = 0;
			knownRegions = (
				en,
				Base,
			);
			mainGroup = BE20A7A4202B106F0032B2D6;
			productRefGroup = BE20A7AE202B106F0032B2D6 /* Products */;
			projectDirPath = "";
			projectRoot = "";
			targets = (
				BE20A7AC202B106F0032B2D6 /* MyOwnChatApp */,
			);
		};
/* End PBXProject section */

/* Begin PBXResourcesBuildPhase section */
		BE20A7AB202B106F0032B2D6 /* Resources */ = {
			isa = PBXResourcesBuildPhase;
			buildActionMask = 2147483647;
			files = (
				BE9C256C202EE4C40069535B /* ProfileVC.xib in Resources */,
				BE20A7BB202B106F0032B2D6 /* LaunchScreen.storyboard in Resources */,
				BE20A7B8202B106F0032B2D6 /* Assets.xcassets in Resources */,
				BE20A7B6202B106F0032B2D6 /* Main.storyboard in Resources */,
			);
			runOnlyForDeploymentPostprocessing = 0;
		};
/* End PBXResourcesBuildPhase section */

/* Begin PBXShellScriptBuildPhase section */
		084A5A94457263A6A368B2C3 /* [CP] Embed Pods Frameworks */ = {
			isa = PBXShellScriptBuildPhase;
			buildActionMask = 2147483647;
			files = (
			);
			inputPaths = (
				"${SRCROOT}/Pods/Target Support Files/Pods-MyOwnChatApp/Pods-MyOwnChatApp-frameworks.sh",
				"${BUILT_PRODUCTS_DIR}/Alamofire/Alamofire.framework",
				"${BUILT_PRODUCTS_DIR}/Socket.IO-Client-Swift/SocketIO.framework",
				"${BUILT_PRODUCTS_DIR}/Starscream/Starscream.framework",
				"${BUILT_PRODUCTS_DIR}/SwiftyJSON/SwiftyJSON.framework",
			);
			name = "[CP] Embed Pods Frameworks";
			outputPaths = (
				"${TARGET_BUILD_DIR}/${FRAMEWORKS_FOLDER_PATH}/Alamofire.framework",
				"${TARGET_BUILD_DIR}/${FRAMEWORKS_FOLDER_PATH}/SocketIO.framework",
				"${TARGET_BUILD_DIR}/${FRAMEWORKS_FOLDER_PATH}/Starscream.framework",
				"${TARGET_BUILD_DIR}/${FRAMEWORKS_FOLDER_PATH}/SwiftyJSON.framework",
			);
			runOnlyForDeploymentPostprocessing = 0;
			shellPath = /bin/sh;
			shellScript = "\"${SRCROOT}/Pods/Target Support Files/Pods-MyOwnChatApp/Pods-MyOwnChatApp-frameworks.sh\"\n";
			showEnvVarsInLog = 0;
		};
		90E61B641FAC27764B3563B6 /* [CP] Copy Pods Resources */ = {
			isa = PBXShellScriptBuildPhase;
			buildActionMask = 2147483647;
			files = (
			);
			inputPaths = (
			);
			name = "[CP] Copy Pods Resources";
			outputPaths = (
			);
			runOnlyForDeploymentPostprocessing = 0;
			shellPath = /bin/sh;
			shellScript = "\"${SRCROOT}/Pods/Target Support Files/Pods-MyOwnChatApp/Pods-MyOwnChatApp-resources.sh\"\n";
			showEnvVarsInLog = 0;
		};
		F57522B1B8355E944595D8E7 /* [CP] Check Pods Manifest.lock */ = {
			isa = PBXShellScriptBuildPhase;
			buildActionMask = 2147483647;
			files = (
			);
			inputPaths = (
				"${PODS_PODFILE_DIR_PATH}/Podfile.lock",
				"${PODS_ROOT}/Manifest.lock",
			);
			name = "[CP] Check Pods Manifest.lock";
			outputPaths = (
				"$(DERIVED_FILE_DIR)/Pods-MyOwnChatApp-checkManifestLockResult.txt",
			);
			runOnlyForDeploymentPostprocessing = 0;
			shellPath = /bin/sh;
			shellScript = "diff \"${PODS_PODFILE_DIR_PATH}/Podfile.lock\" \"${PODS_ROOT}/Manifest.lock\" > /dev/null\nif [ $? != 0 ] ; then\n    # print error to STDERR\n    echo \"error: The sandbox is not in sync with the Podfile.lock. Run 'pod install' or update your CocoaPods installation.\" >&2\n    exit 1\nfi\n# This output is used by Xcode 'outputs' to avoid re-running this script phase.\necho \"SUCCESS\" > \"${SCRIPT_OUTPUT_FILE_0}\"\n";
			showEnvVarsInLog = 0;
		};
/* End PBXShellScriptBuildPhase section */

/* Begin PBXSourcesBuildPhase section */
		BE20A7A9202B106F0032B2D6 /* Sources */ = {
			isa = PBXSourcesBuildPhase;
			buildActionMask = 2147483647;
			files = (
				BE9C256B202EE4C40069535B /* ProfileVC.swift in Sources */,
				BEB34281202B4F7100247E06 /* ChannelVC.swift in Sources */,
				BEB9304D202E800D00D50137 /* AvatarPickerVC.swift in Sources */,
				BEB3427F202B4F6100247E06 /* ChatVC.swift in Sources */,
				BE528D9F202EC2AC00C632F3 /* CircleImage.swift in Sources */,
				BEE9D32E202C8DDC008AEA11 /* CreateAccountVC.swift in Sources */,
				BE9C2571202F46B50069535B /* MessageService.swift in Sources */,
				BE9C2573202F47A20069535B /* Channel.swift in Sources */,
				BEE9D331202D682B008AEA11 /* AuthService.swift in Sources */,
				BEE9D32C202C8873008AEA11 /* LoginVC.swift in Sources */,
				BEB34283202B581600247E06 /* GradientView.swift in Sources */,
				BE20A7B1202B106F0032B2D6 /* AppDelegate.swift in Sources */,
				BE05DC09202B45CD00BC13A5 /* SWRevealViewController.m in Sources */,
				BEB9304F202E821100D50137 /* AvatarCell.swift in Sources */,
				BE9C256F202EECAF0069535B /* RoundCornerView.swift in Sources */,
				BEE9D32A202C1AEA008AEA11 /* Constants.swift in Sources */,
				BEB9304B202E6EB800D50137 /* UserDataService.swift in Sources */,
				BE0590C1202DFDA100065F66 /* RoundCornerButton.swift in Sources */,
			);
			runOnlyForDeploymentPostprocessing = 0;
		};
/* End PBXSourcesBuildPhase section */

/* Begin PBXVariantGroup section */
		BE20A7B4202B106F0032B2D6 /* Main.storyboard */ = {
			isa = PBXVariantGroup;
			children = (
				BE20A7B5202B106F0032B2D6 /* Base */,
			);
			name = Main.storyboard;
			sourceTree = "<group>";
		};
		BE20A7B9202B106F0032B2D6 /* LaunchScreen.storyboard */ = {
			isa = PBXVariantGroup;
			children = (
				BE20A7BA202B106F0032B2D6 /* Base */,
			);
			name = LaunchScreen.storyboard;
			sourceTree = "<group>";
		};
/* End PBXVariantGroup section */

/* Begin XCBuildConfiguration section */
		BE20A7BD202B106F0032B2D6 /* Debug */ = {
			isa = XCBuildConfiguration;
			buildSettings = {
				ALWAYS_SEARCH_USER_PATHS = NO;
				CLANG_ANALYZER_NONNULL = YES;
				CLANG_ANALYZER_NUMBER_OBJECT_CONVERSION = YES_AGGRESSIVE;
				CLANG_CXX_LANGUAGE_STANDARD = "gnu++14";
				CLANG_CXX_LIBRARY = "libc++";
				CLANG_ENABLE_MODULES = YES;
				CLANG_ENABLE_OBJC_ARC = YES;
				CLANG_WARN_BLOCK_CAPTURE_AUTORELEASING = YES;
				CLANG_WARN_BOOL_CONVERSION = YES;
				CLANG_WARN_COMMA = YES;
				CLANG_WARN_CONSTANT_CONVERSION = YES;
				CLANG_WARN_DIRECT_OBJC_ISA_USAGE = YES_ERROR;
				CLANG_WARN_DOCUMENTATION_COMMENTS = YES;
				CLANG_WARN_EMPTY_BODY = YES;
				CLANG_WARN_ENUM_CONVERSION = YES;
				CLANG_WARN_INFINITE_RECURSION = YES;
				CLANG_WARN_INT_CONVERSION = YES;
				CLANG_WARN_NON_LITERAL_NULL_CONVERSION = YES;
				CLANG_WARN_OBJC_LITERAL_CONVERSION = YES;
				CLANG_WARN_OBJC_ROOT_CLASS = YES_ERROR;
				CLANG_WARN_RANGE_LOOP_ANALYSIS = YES;
				CLANG_WARN_STRICT_PROTOTYPES = YES;
				CLANG_WARN_SUSPICIOUS_MOVE = YES;
				CLANG_WARN_UNGUARDED_AVAILABILITY = YES_AGGRESSIVE;
				CLANG_WARN_UNREACHABLE_CODE = YES;
				CLANG_WARN__DUPLICATE_METHOD_MATCH = YES;
				CODE_SIGN_IDENTITY = "iPhone Developer";
				COPY_PHASE_STRIP = NO;
				DEBUG_INFORMATION_FORMAT = dwarf;
				ENABLE_STRICT_OBJC_MSGSEND = YES;
				ENABLE_TESTABILITY = YES;
				GCC_C_LANGUAGE_STANDARD = gnu11;
				GCC_DYNAMIC_NO_PIC = NO;
				GCC_NO_COMMON_BLOCKS = YES;
				GCC_OPTIMIZATION_LEVEL = 0;
				GCC_PREPROCESSOR_DEFINITIONS = (
					"DEBUG=1",
					"$(inherited)",
				);
				GCC_WARN_64_TO_32_BIT_CONVERSION = YES;
				GCC_WARN_ABOUT_RETURN_TYPE = YES_ERROR;
				GCC_WARN_UNDECLARED_SELECTOR = YES;
				GCC_WARN_UNINITIALIZED_AUTOS = YES_AGGRESSIVE;
				GCC_WARN_UNUSED_FUNCTION = YES;
				GCC_WARN_UNUSED_VARIABLE = YES;
				IPHONEOS_DEPLOYMENT_TARGET = 11.2;
				MTL_ENABLE_DEBUG_INFO = YES;
				ONLY_ACTIVE_ARCH = YES;
				SDKROOT = iphoneos;
				SWIFT_ACTIVE_COMPILATION_CONDITIONS = DEBUG;
				SWIFT_OPTIMIZATION_LEVEL = "-Onone";
			};
			name = Debug;
		};
		BE20A7BE202B106F0032B2D6 /* Release */ = {
			isa = XCBuildConfiguration;
			buildSettings = {
				ALWAYS_SEARCH_USER_PATHS = NO;
				CLANG_ANALYZER_NONNULL = YES;
				CLANG_ANALYZER_NUMBER_OBJECT_CONVERSION = YES_AGGRESSIVE;
				CLANG_CXX_LANGUAGE_STANDARD = "gnu++14";
				CLANG_CXX_LIBRARY = "libc++";
				CLANG_ENABLE_MODULES = YES;
				CLANG_ENABLE_OBJC_ARC = YES;
				CLANG_WARN_BLOCK_CAPTURE_AUTORELEASING = YES;
				CLANG_WARN_BOOL_CONVERSION = YES;
				CLANG_WARN_COMMA = YES;
				CLANG_WARN_CONSTANT_CONVERSION = YES;
				CLANG_WARN_DIRECT_OBJC_ISA_USAGE = YES_ERROR;
				CLANG_WARN_DOCUMENTATION_COMMENTS = YES;
				CLANG_WARN_EMPTY_BODY = YES;
				CLANG_WARN_ENUM_CONVERSION = YES;
				CLANG_WARN_INFINITE_RECURSION = YES;
				CLANG_WARN_INT_CONVERSION = YES;
				CLANG_WARN_NON_LITERAL_NULL_CONVERSION = YES;
				CLANG_WARN_OBJC_LITERAL_CONVERSION = YES;
				CLANG_WARN_OBJC_ROOT_CLASS = YES_ERROR;
				CLANG_WARN_RANGE_LOOP_ANALYSIS = YES;
				CLANG_WARN_STRICT_PROTOTYPES = YES;
				CLANG_WARN_SUSPICIOUS_MOVE = YES;
				CLANG_WARN_UNGUARDED_AVAILABILITY = YES_AGGRESSIVE;
				CLANG_WARN_UNREACHABLE_CODE = YES;
				CLANG_WARN__DUPLICATE_METHOD_MATCH = YES;
				CODE_SIGN_IDENTITY = "iPhone Developer";
				COPY_PHASE_STRIP = NO;
				DEBUG_INFORMATION_FORMAT = "dwarf-with-dsym";
				ENABLE_NS_ASSERTIONS = NO;
				ENABLE_STRICT_OBJC_MSGSEND = YES;
				GCC_C_LANGUAGE_STANDARD = gnu11;
				GCC_NO_COMMON_BLOCKS = YES;
				GCC_WARN_64_TO_32_BIT_CONVERSION = YES;
				GCC_WARN_ABOUT_RETURN_TYPE = YES_ERROR;
				GCC_WARN_UNDECLARED_SELECTOR = YES;
				GCC_WARN_UNINITIALIZED_AUTOS = YES_AGGRESSIVE;
				GCC_WARN_UNUSED_FUNCTION = YES;
				GCC_WARN_UNUSED_VARIABLE = YES;
				IPHONEOS_DEPLOYMENT_TARGET = 11.2;
				MTL_ENABLE_DEBUG_INFO = NO;
				SDKROOT = iphoneos;
				SWIFT_OPTIMIZATION_LEVEL = "-Owholemodule";
				VALIDATE_PRODUCT = YES;
			};
			name = Release;
		};
		BE20A7C0202B106F0032B2D6 /* Debug */ = {
			isa = XCBuildConfiguration;
			baseConfigurationReference = BE6D181E13E20E493EF89B3B /* Pods-MyOwnChatApp.debug.xcconfig */;
			buildSettings = {
				ASSETCATALOG_COMPILER_APPICON_NAME = AppIcon;
				CLANG_ENABLE_MODULES = YES;
				CODE_SIGN_STYLE = Automatic;
				DEVELOPMENT_TEAM = 9Y5P88P6T5;
				INFOPLIST_FILE = MyOwnChatApp/Info.plist;
				IPHONEOS_DEPLOYMENT_TARGET = 11.2;
				LD_RUNPATH_SEARCH_PATHS = "$(inherited) @executable_path/Frameworks";
				PRODUCT_BUNDLE_IDENTIFIER = "com.fcc-pro.MyOwnChatApp";
				PRODUCT_NAME = "$(TARGET_NAME)";
				SWIFT_OBJC_BRIDGING_HEADER = "MyOwnChatApp/Supporting/MyOwnChatApp-Bridging-Header.h";
				SWIFT_OPTIMIZATION_LEVEL = "-Onone";
				SWIFT_VERSION = 4.0;
				TARGETED_DEVICE_FAMILY = 1;
			};
			name = Debug;
		};
		BE20A7C1202B106F0032B2D6 /* Release */ = {
			isa = XCBuildConfiguration;
			baseConfigurationReference = A8EFC908699502302C6651A6 /* Pods-MyOwnChatApp.release.xcconfig */;
			buildSettings = {
				ASSETCATALOG_COMPILER_APPICON_NAME = AppIcon;
				CLANG_ENABLE_MODULES = YES;
				CODE_SIGN_STYLE = Automatic;
				DEVELOPMENT_TEAM = 9Y5P88P6T5;
				INFOPLIST_FILE = MyOwnChatApp/Info.plist;
				IPHONEOS_DEPLOYMENT_TARGET = 11.2;
				LD_RUNPATH_SEARCH_PATHS = "$(inherited) @executable_path/Frameworks";
				PRODUCT_BUNDLE_IDENTIFIER = "com.fcc-pro.MyOwnChatApp";
				PRODUCT_NAME = "$(TARGET_NAME)";
				SWIFT_OBJC_BRIDGING_HEADER = "MyOwnChatApp/Supporting/MyOwnChatApp-Bridging-Header.h";
				SWIFT_VERSION = 4.0;
				TARGETED_DEVICE_FAMILY = 1;
			};
			name = Release;
		};
/* End XCBuildConfiguration section */

/* Begin XCConfigurationList section */
		BE20A7A8202B106F0032B2D6 /* Build configuration list for PBXProject "MyOwnChatApp" */ = {
			isa = XCConfigurationList;
			buildConfigurations = (
				BE20A7BD202B106F0032B2D6 /* Debug */,
				BE20A7BE202B106F0032B2D6 /* Release */,
			);
			defaultConfigurationIsVisible = 0;
			defaultConfigurationName = Release;
		};
		BE20A7BF202B106F0032B2D6 /* Build configuration list for PBXNativeTarget "MyOwnChatApp" */ = {
			isa = XCConfigurationList;
			buildConfigurations = (
				BE20A7C0202B106F0032B2D6 /* Debug */,
				BE20A7C1202B106F0032B2D6 /* Release */,
			);
			defaultConfigurationIsVisible = 0;
			defaultConfigurationName = Release;
		};
/* End XCConfigurationList section */
	};
	rootObject = BE20A7A5202B106F0032B2D6 /* Project object */;
}
